
Microsoft Visual Studio Solution File, Format Version 12.00
# Visual Studio Version 17
VisualStudioVersion = 17.4.33122.133
MinimumVisualStudioVersion = 10.0.40219.1
Project("{9A19103F-16F7-4668-BE54-9A1E7A4F7556}") = "Bookclub", "Bookclub.csproj", "{23AAD7F4-6241-43B2-A240-33B48C6194C8}"
EndProject
Global
	GlobalSection(SolutionConfigurationPlatforms) = preSolution
		Debug|Any CPU = Debug|Any CPU
		Release|Any CPU = Release|Any CPU
	EndGlobalSection
	GlobalSection(ProjectConfigurationPlatforms) = postSolution
		{23AAD7F4-6241-43B2-A240-33B48C6194C8}.Debug|Any CPU.ActiveCfg = Debug|Any CPU
		{23AAD7F4-6241-43B2-A240-33B48C6194C8}.Debug|Any CPU.Build.0 = Debug|Any CPU
		{23AAD7F4-6241-43B2-A240-33B48C6194C8}.Release|Any CPU.ActiveCfg = Release|Any CPU
		{23AAD7F4-6241-43B2-A240-33B48C6194C8}.Release|Any CPU.Build.0 = Release|Any CPU
	EndGlobalSection
	GlobalSection(SolutionProperties) = preSolution
		HideSolutionNode = FALSE
	EndGlobalSection
	GlobalSection(ExtensibilityGlobals) = postSolution
		SolutionGuid = {3378C52E-C2F4-4A96-B24E-B694C638BB46}
	EndGlobalSection
EndGlobal
